
Microsoft Visual Studio Solution File, Format Version 12.00
# Visual Studio 15
VisualStudioVersion = 15.0.28307.438
MinimumVisualStudioVersion = 10.0.40219.1
Project("{8BC9CEB8-8B4A-11D0-8D11-00A0C91BC942}") = "OCTview3R", "OCTview3R\OCTview3R.vcxproj", "{91A959B8-727E-4568-A483-233D1003C117}"
EndProject
Global
	GlobalSection(SolutionConfigurationPlatforms) = preSolution
		Debug|x64 = Debug|x64
		Release|x64 = Release|x64
	EndGlobalSection
	GlobalSection(ProjectConfigurationPlatforms) = postSolution
		{91A959B8-727E-4568-A483-233D1003C117}.Debug|x64.ActiveCfg = Debug|x64
		{91A959B8-727E-4568-A483-233D1003C117}.Debug|x64.Build.0 = Debug|x64
		{91A959B8-727E-4568-A483-233D1003C117}.Release|x64.ActiveCfg = Release|x64
		{91A959B8-727E-4568-A483-233D1003C117}.Release|x64.Build.0 = Release|x64
	EndGlobalSection
	GlobalSection(SolutionProperties) = preSolution
		HideSolutionNode = FALSE
	EndGlobalSection
	GlobalSection(ExtensibilityGlobals) = postSolution
		SolutionGuid = {A051E34B-C284-4069-A290-0B9900707739}
	EndGlobalSection
EndGlobal
