<?xml version="1.0" encoding="utf-8"?>
<Project ToolsVersion="4.0" xmlns="http://schemas.microsoft.com/developer/msbuild/2003">
  <ItemGroup>
    <Filter Include="Source Files">
      <UniqueIdentifier>{4FC737F1-C7A5-4376-A066-2A32D752A2FF}</UniqueIdentifier>
      <Extensions>cpp;c;cc;cxx;def;odl;idl;hpj;bat;asm;asmx</Extensions>
    </Filter>
    <Filter Include="Header Files">
      <UniqueIdentifier>{93995380-89BD-4b04-88EB-625FBE52EBFB}</UniqueIdentifier>
      <Extensions>h;hh;hpp;hxx;hm;inl;inc;xsd</Extensions>
    </Filter>
    <Filter Include="Resource Files">
      <UniqueIdentifier>{D9D6E242-F8AF-46E4-B9FD-80ECBC20BA3E}</UniqueIdentifier>
      <Extensions>qrc;*</Extensions>
      <ParseFiles>false</ParseFiles>
    </Filter>
    <Filter Include="Form Files">
      <UniqueIdentifier>{99349809-55BA-4b9d-BF79-8FDBB0286EB3}</UniqueIdentifier>
      <Extensions>ui</Extensions>
    </Filter>
  </ItemGroup>
  <ItemGroup>
    <ClCompile Include="main.cpp">
      <Filter>Source Files</Filter>
    </ClCompile>
    <ClCompile Include="OCTview3R.cpp">
      <Filter>Source Files</Filter>
    </ClCompile>
    <ClCompile Include="loading.cpp">
      <Filter>Source Files</Filter>
    </ClCompile>
    <ClCompile Include="opendata.cpp">
      <Filter>Source Files</Filter>
    </ClCompile>
    <ClCompile Include="openpoly.cpp">
      <Filter>Source Files</Filter>
    </ClCompile>
    <ClCompile Include="documentModel.cpp">
      <Filter>Source Files</Filter>
    </ClCompile>
    <ClCompile Include="polyPipeline.cpp">
      <Filter>Source Files</Filter>
    </ClCompile>
    <ClCompile Include="transformableImagePlaneWidget.cpp">
      <Filter>Source Files</Filter>
    </ClCompile>
    <ClCompile Include="viewerController.cpp">
      <Filter>Source Files</Filter>
    </ClCompile>
    <ClCompile Include="volumePipeline.cpp">
      <Filter>Source Files</Filter>
    </ClCompile>
  </ItemGroup>
  <ItemGroup>
    <QtMoc Include="OCTview3R.h">
      <Filter>Header Files</Filter>
    </QtMoc>
    <QtMoc Include="loading.h">
      <Filter>Header Files</Filter>
    </QtMoc>
    <QtMoc Include="opendata.h">
      <Filter>Header Files</Filter>
    </QtMoc>
    <QtMoc Include="openpoly.h">
      <Filter>Header Files</Filter>
    </QtMoc>
  </ItemGroup>
  <ItemGroup>
    <QtUic Include="OCTview3R.ui">
      <Filter>Form Files</Filter>
    </QtUic>
    <QtUic Include="opendata.ui">
      <Filter>Form Files</Filter>
    </QtUic>
    <QtUic Include="openpoly.ui">
      <Filter>Form Files</Filter>
    </QtUic>
  </ItemGroup>
  <ItemGroup>
    <QtRcc Include="OCTview3R.qrc">
      <Filter>Resource Files</Filter>
    </QtRcc>
  </ItemGroup>
  <ItemGroup>
    <ClInclude Include="dataTypes.h">
      <Filter>Header Files</Filter>
    </ClInclude>
    <ClInclude Include="definitions.h">
      <Filter>Header Files</Filter>
    </ClInclude>
    <ClInclude Include="viewerData.h">
      <Filter>Header Files</Filter>
    </ClInclude>
    <ClInclude Include="documentModel.h">
      <Filter>Header Files</Filter>
    </ClInclude>
    <ClInclude Include="polyPipeline.h">
      <Filter>Header Files</Filter>
    </ClInclude>
    <ClInclude Include="transformableImagePlaneWidget.h">
      <Filter>Header Files</Filter>
    </ClInclude>
    <ClInclude Include="viewerController.h">
      <Filter>Header Files</Filter>
    </ClInclude>
    <ClInclude Include="volumePipeline.h">
      <Filter>Header Files</Filter>
    </ClInclude>
  </ItemGroup>
</Project>
